
Microsoft Visual Studio Solution File, Format Version 12.00
# Visual Studio Version 17
VisualStudioVersion = 17.1.32210.238
MinimumVisualStudioVersion = 10.0.40219.1
Project("{888888A0-9F3D-457C-B088-3A5042F75D52}") = "Prill_34", "Prill_34\Prill_34.pyproj", "{9B8649FA-A6A1-4565-B6B0-83B23B5DDA19}"
EndProject
Global
	GlobalSection(SolutionConfigurationPlatforms) = preSolution
		Debug|Any CPU = Debug|Any CPU
		Release|Any CPU = Release|Any CPU
	EndGlobalSection
	GlobalSection(ProjectConfigurationPlatforms) = postSolution
		{9B8649FA-A6A1-4565-B6B0-83B23B5DDA19}.Debug|Any CPU.ActiveCfg = Debug|Any CPU
		{9B8649FA-A6A1-4565-B6B0-83B23B5DDA19}.Release|Any CPU.ActiveCfg = Release|Any CPU
	EndGlobalSection
	GlobalSection(SolutionProperties) = preSolution
		HideSolutionNode = FALSE
	EndGlobalSection
	GlobalSection(ExtensibilityGlobals) = postSolution
		SolutionGuid = {DD5342DA-60E4-4831-A1E2-6218193F9397}
	EndGlobalSection
EndGlobal
